// !$*UTF8*$!
{
	archiveVersion = 1;
	classes = {
	};
	objectVersion = 56;
	objects = {

/* Begin PBXBuildFile section */
		C3917A272A6ED226006CC5E9 /* SideButtonsDimPreview.swift in Sources */ = {isa = PBXBuildFile; fileRef = C3917A262A6ED226006CC5E9 /* SideButtonsDimPreview.swift */; };
		C3AB39422A6EA19B000EFA78 /* MakingWatchTheBirdieApp.swift in Sources */ = {isa = PBXBuildFile; fileRef = C3AB39412A6EA19B000EFA78 /* MakingWatchTheBirdieApp.swift */; };
		C3AB39442A6EA19B000EFA78 /* ContentView.swift in Sources */ = {isa = PBXBuildFile; fileRef = C3AB39432A6EA19B000EFA78 /* ContentView.swift */; };
		C3AB39462A6EA19C000EFA78 /* Assets.xcassets in Resources */ = {isa = PBXBuildFile; fileRef = C3AB39452A6EA19C000EFA78 /* Assets.xcassets */; };
		C3AB39492A6EA19C000EFA78 /* Preview Assets.xcassets in Resources */ = {isa = PBXBuildFile; fileRef = C3AB39482A6EA19C000EFA78 /* Preview Assets.xcassets */; };
		C3AB39512A6EA5F1000EFA78 /* CaptureButton.swift in Sources */ = {isa = PBXBuildFile; fileRef = C3AB39502A6EA5F1000EFA78 /* CaptureButton.swift */; };
		C3AB39532A6EAA15000EFA78 /* ToolbarButton.swift in Sources */ = {isa = PBXBuildFile; fileRef = C3AB39522A6EAA15000EFA78 /* ToolbarButton.swift */; };
		C3AB39562A6EAA29000EFA78 /* AccessLevel.swift in Sources */ = {isa = PBXBuildFile; fileRef = C3AB39552A6EAA29000EFA78 /* AccessLevel.swift */; };
		C3AB39582A6EAC72000EFA78 /* SideButton.swift in Sources */ = {isa = PBXBuildFile; fileRef = C3AB39572A6EAC72000EFA78 /* SideButton.swift */; };
		C3AB395C2A6EACA2000EFA78 /* ScreenSide.swift in Sources */ = {isa = PBXBuildFile; fileRef = C3AB395B2A6EACA2000EFA78 /* ScreenSide.swift */; };
		C3AB395E2A6EB02C000EFA78 /* SideButtonLayout.swift in Sources */ = {isa = PBXBuildFile; fileRef = C3AB395D2A6EB02C000EFA78 /* SideButtonLayout.swift */; };
/* End PBXBuildFile section */

/* Begin PBXFileReference section */
		C3917A262A6ED226006CC5E9 /* SideButtonsDimPreview.swift */ = {isa = PBXFileReference; lastKnownFileType = sourcecode.swift; path = SideButtonsDimPreview.swift; sourceTree = "<group>"; };
		C3AB393E2A6EA19B000EFA78 /* MakingWatchTheBirdie.app */ = {isa = PBXFileReference; explicitFileType = wrapper.application; includeInIndex = 0; path = MakingWatchTheBirdie.app; sourceTree = BUILT_PRODUCTS_DIR; };
		C3AB39412A6EA19B000EFA78 /* MakingWatchTheBirdieApp.swift */ = {isa = PBXFileReference; lastKnownFileType = sourcecode.swift; path = MakingWatchTheBirdieApp.swift; sourceTree = "<group>"; };
		C3AB39432A6EA19B000EFA78 /* ContentView.swift */ = {isa = PBXFileReference; lastKnownFileType = sourcecode.swift; path = ContentView.swift; sourceTree = "<group>"; };
		C3AB39452A6EA19C000EFA78 /* Assets.xcassets */ = {isa = PBXFileReference; lastKnownFileType = folder.assetcatalog; path = Assets.xcassets; sourceTree = "<group>"; };
		C3AB39482A6EA19C000EFA78 /* Preview Assets.xcassets */ = {isa = PBXFileReference; lastKnownFileType = folder.assetcatalog; path = "Preview Assets.xcassets"; sourceTree = "<group>"; };
		C3AB39502A6EA5F1000EFA78 /* CaptureButton.swift */ = {isa = PBXFileReference; lastKnownFileType = sourcecode.swift; path = CaptureButton.swift; sourceTree = "<group>"; };
		C3AB39522A6EAA15000EFA78 /* ToolbarButton.swift */ = {isa = PBXFileReference; lastKnownFileType = sourcecode.swift; path = ToolbarButton.swift; sourceTree = "<group>"; };
		C3AB39552A6EAA29000EFA78 /* AccessLevel.swift */ = {isa = PBXFileReference; lastKnownFileType = sourcecode.swift; path = AccessLevel.swift; sourceTree = "<group>"; };
		C3AB39572A6EAC72000EFA78 /* SideButton.swift */ = {isa = PBXFileReference; lastKnownFileType = sourcecode.swift; path = SideButton.swift; sourceTree = "<group>"; };
		C3AB395B2A6EACA2000EFA78 /* ScreenSide.swift */ = {isa = PBXFileReference; lastKnownFileType = sourcecode.swift; path = ScreenSide.swift; sourceTree = "<group>"; };
		C3AB395D2A6EB02C000EFA78 /* SideButtonLayout.swift */ = {isa = PBXFileReference; lastKnownFileType = sourcecode.swift; path = SideButtonLayout.swift; sourceTree = "<group>"; };
/* End PBXFileReference section */

/* Begin PBXFrameworksBuildPhase section */
		C3AB393B2A6EA19B000EFA78 /* Frameworks */ = {
			isa = PBXFrameworksBuildPhase;
			buildActionMask = 2147483647;
			files = (
			);
			runOnlyForDeploymentPostprocessing = 0;
		};
/* End PBXFrameworksBuildPhase section */

/* Begin PBXGroup section */
		C3AB39352A6EA19B000EFA78 = {
			isa = PBXGroup;
			children = (
				C3AB39402A6EA19B000EFA78 /* MakingWatchTheBirdie */,
				C3AB393F2A6EA19B000EFA78 /* Products */,
			);
			sourceTree = "<group>";
		};
		C3AB393F2A6EA19B000EFA78 /* Products */ = {
			isa = PBXGroup;
			children = (
				C3AB393E2A6EA19B000EFA78 /* MakingWatchTheBirdie.app */,
			);
			name = Products;
			sourceTree = "<group>";
		};
		C3AB39402A6EA19B000EFA78 /* MakingWatchTheBirdie */ = {
			isa = PBXGroup;
			children = (
				C3AB39542A6EAA1F000EFA78 /* Core */,
				C3AB394F2A6EA5E1000EFA78 /* Buttons */,
				C3AB39412A6EA19B000EFA78 /* MakingWatchTheBirdieApp.swift */,
				C3AB39432A6EA19B000EFA78 /* ContentView.swift */,
				C3AB39452A6EA19C000EFA78 /* Assets.xcassets */,
				C3AB39472A6EA19C000EFA78 /* Preview Content */,
			);
			path = MakingWatchTheBirdie;
			sourceTree = "<group>";
		};
		C3AB39472A6EA19C000EFA78 /* Preview Content */ = {
			isa = PBXGroup;
			children = (
				C3AB39482A6EA19C000EFA78 /* Preview Assets.xcassets */,
			);
			path = "Preview Content";
			sourceTree = "<group>";
		};
		C3AB394F2A6EA5E1000EFA78 /* Buttons */ = {
			isa = PBXGroup;
			children = (
				C3AB39502A6EA5F1000EFA78 /* CaptureButton.swift */,
				C3AB39522A6EAA15000EFA78 /* ToolbarButton.swift */,
				C3AB39572A6EAC72000EFA78 /* SideButton.swift */,
				C3AB395D2A6EB02C000EFA78 /* SideButtonLayout.swift */,
				C3917A262A6ED226006CC5E9 /* SideButtonsDimPreview.swift */,
			);
			path = Buttons;
			sourceTree = "<group>";
		};
		C3AB39542A6EAA1F000EFA78 /* Core */ = {
			isa = PBXGroup;
			children = (
				C3AB39552A6EAA29000EFA78 /* AccessLevel.swift */,
				C3AB395B2A6EACA2000EFA78 /* ScreenSide.swift */,
			);
			path = Core;
			sourceTree = "<group>";
		};
/* End PBXGroup section */

/* Begin PBXNativeTarget section */
		C3AB393D2A6EA19B000EFA78 /* MakingWatchTheBirdie */ = {
			isa = PBXNativeTarget;
			buildConfigurationList = C3AB394C2A6EA19C000EFA78 /* Build configuration list for PBXNativeTarget "MakingWatchTheBirdie" */;
			buildPhases = (
				C3AB393A2A6EA19B000EFA78 /* Sources */,
				C3AB393B2A6EA19B000EFA78 /* Frameworks */,
				C3AB393C2A6EA19B000EFA78 /* Resources */,
			);
			buildRules = (
			);
			dependencies = (
			);
			name = MakingWatchTheBirdie;
			productName = MakingWatchTheBirdie;
			productReference = C3AB393E2A6EA19B000EFA78 /* MakingWatchTheBirdie.app */;
			productType = "com.apple.product-type.application";
		};
/* End PBXNativeTarget section */

/* Begin PBXProject section */
		C3AB39362A6EA19B000EFA78 /* Project object */ = {
			isa = PBXProject;
			attributes = {
				BuildIndependentTargetsInParallel = 1;
				LastSwiftUpdateCheck = 1430;
				LastUpgradeCheck = 1430;
				TargetAttributes = {
					C3AB393D2A6EA19B000EFA78 = {
						CreatedOnToolsVersion = 14.3.1;
					};
				};
			};
			buildConfigurationList = C3AB39392A6EA19B000EFA78 /* Build configuration list for PBXProject "MakingWatchTheBirdie" */;
			compatibilityVersion = "Xcode 14.0";
			developmentRegion = en;
			hasScannedForEncodings = 0;
			knownRegions = (
				en,
				Base,
			);
			mainGroup = C3AB39352A6EA19B000EFA78;
			productRefGroup = C3AB393F2A6EA19B000EFA78 /* Products */;
			projectDirPath = "";
			projectRoot = "";
			targets = (
				C3AB393D2A6EA19B000EFA78 /* MakingWatchTheBirdie */,
			);
		};
/* End PBXProject section */

/* Begin PBXResourcesBuildPhase section */
		C3AB393C2A6EA19B000EFA78 /* Resources */ = {
			isa = PBXResourcesBuildPhase;
			buildActionMask = 2147483647;
			files = (
				C3AB39492A6EA19C000EFA78 /* Preview Assets.xcassets in Resources */,
				C3AB39462A6EA19C000EFA78 /* Assets.xcassets in Resources */,
			);
			runOnlyForDeploymentPostprocessing = 0;
		};
/* End PBXResourcesBuildPhase section */

/* Begin PBXSourcesBuildPhase section */
		C3AB393A2A6EA19B000EFA78 /* Sources */ = {
			isa = PBXSourcesBuildPhase;
			buildActionMask = 2147483647;
			files = (
				C3AB395E2A6EB02C000EFA78 /* SideButtonLayout.swift in Sources */,
				C3AB39442A6EA19B000EFA78 /* ContentView.swift in Sources */,
				C3AB39532A6EAA15000EFA78 /* ToolbarButton.swift in Sources */,
				C3AB39582A6EAC72000EFA78 /* SideButton.swift in Sources */,
				C3AB395C2A6EACA2000EFA78 /* ScreenSide.swift in Sources */,
				C3AB39512A6EA5F1000EFA78 /* CaptureButton.swift in Sources */,
				C3917A272A6ED226006CC5E9 /* SideButtonsDimPreview.swift in Sources */,
				C3AB39562A6EAA29000EFA78 /* AccessLevel.swift in Sources */,
				C3AB39422A6EA19B000EFA78 /* MakingWatchTheBirdieApp.swift in Sources */,
			);
			runOnlyForDeploymentPostprocessing = 0;
		};
/* End PBXSourcesBuildPhase section */

/* Begin XCBuildConfiguration section */
		C3AB394A2A6EA19C000EFA78 /* Debug */ = {
			isa = XCBuildConfiguration;
			buildSettings = {
				ALWAYS_SEARCH_USER_PATHS = NO;
				CLANG_ANALYZER_NONNULL = YES;
				CLANG_ANALYZER_NUMBER_OBJECT_CONVERSION = YES_AGGRESSIVE;
				CLANG_CXX_LANGUAGE_STANDARD = "gnu++20";
				CLANG_ENABLE_MODULES = YES;
				CLANG_ENABLE_OBJC_ARC = YES;
				CLANG_ENABLE_OBJC_WEAK = YES;
				CLANG_WARN_BLOCK_CAPTURE_AUTORELEASING = YES;
				CLANG_WARN_BOOL_CONVERSION = YES;
				CLANG_WARN_COMMA = YES;
				CLANG_WARN_CONSTANT_CONVERSION = YES;
				CLANG_WARN_DEPRECATED_OBJC_IMPLEMENTATIONS = YES;
				CLANG_WARN_DIRECT_OBJC_ISA_USAGE = YES_ERROR;
				CLANG_WARN_DOCUMENTATION_COMMENTS = YES;
				CLANG_WARN_EMPTY_BODY = YES;
				CLANG_WARN_ENUM_CONVERSION = YES;
				CLANG_WARN_INFINITE_RECURSION = YES;
				CLANG_WARN_INT_CONVERSION = YES;
				CLANG_WARN_NON_LITERAL_NULL_CONVERSION = YES;
				CLANG_WARN_OBJC_IMPLICIT_RETAIN_SELF = YES;
				CLANG_WARN_OBJC_LITERAL_CONVERSION = YES;
				CLANG_WARN_OBJC_ROOT_CLASS = YES_ERROR;
				CLANG_WARN_QUOTED_INCLUDE_IN_FRAMEWORK_HEADER = YES;
				CLANG_WARN_RANGE_LOOP_ANALYSIS = YES;
				CLANG_WARN_STRICT_PROTOTYPES = YES;
				CLANG_WARN_SUSPICIOUS_MOVE = YES;
				CLANG_WARN_UNGUARDED_AVAILABILITY = YES_AGGRESSIVE;
				CLANG_WARN_UNREACHABLE_CODE = YES;
				CLANG_WARN__DUPLICATE_METHOD_MATCH = YES;
				COPY_PHASE_STRIP = NO;
				DEBUG_INFORMATION_FORMAT = dwarf;
				ENABLE_STRICT_OBJC_MSGSEND = YES;
				ENABLE_TESTABILITY = YES;
				GCC_C_LANGUAGE_STANDARD = gnu11;
				GCC_DYNAMIC_NO_PIC = NO;
				GCC_NO_COMMON_BLOCKS = YES;
				GCC_OPTIMIZATION_LEVEL = 0;
				GCC_PREPROCESSOR_DEFINITIONS = (
					"DEBUG=1",
					"$(inherited)",
				);
				GCC_WARN_64_TO_32_BIT_CONVERSION = YES;
				GCC_WARN_ABOUT_RETURN_TYPE = YES_ERROR;
				GCC_WARN_UNDECLARED_SELECTOR = YES;
				GCC_WARN_UNINITIALIZED_AUTOS = YES_AGGRESSIVE;
				GCC_WARN_UNUSED_FUNCTION = YES;
				GCC_WARN_UNUSED_VARIABLE = YES;
				IPHONEOS_DEPLOYMENT_TARGET = 16.4;
				MTL_ENABLE_DEBUG_INFO = INCLUDE_SOURCE;
				MTL_FAST_MATH = YES;
				ONLY_ACTIVE_ARCH = YES;
				SDKROOT = iphoneos;
				SWIFT_ACTIVE_COMPILATION_CONDITIONS = DEBUG;
				SWIFT_OPTIMIZATION_LEVEL = "-Onone";
			};
			name = Debug;
		};
		C3AB394B2A6EA19C000EFA78 /* Release */ = {
			isa = XCBuildConfiguration;
			buildSettings = {
				ALWAYS_SEARCH_USER_PATHS = NO;
				CLANG_ANALYZER_NONNULL = YES;
				CLANG_ANALYZER_NUMBER_OBJECT_CONVERSION = YES_AGGRESSIVE;
				CLANG_CXX_LANGUAGE_STANDARD = "gnu++20";
				CLANG_ENABLE_MODULES = YES;
				CLANG_ENABLE_OBJC_ARC = YES;
				CLANG_ENABLE_OBJC_WEAK = YES;
				CLANG_WARN_BLOCK_CAPTURE_AUTORELEASING = YES;
				CLANG_WARN_BOOL_CONVERSION = YES;
				CLANG_WARN_COMMA = YES;
				CLANG_WARN_CONSTANT_CONVERSION = YES;
				CLANG_WARN_DEPRECATED_OBJC_IMPLEMENTATIONS = YES;
				CLANG_WARN_DIRECT_OBJC_ISA_USAGE = YES_ERROR;
				CLANG_WARN_DOCUMENTATION_COMMENTS = YES;
				CLANG_WARN_EMPTY_BODY = YES;
				CLANG_WARN_ENUM_CONVERSION = YES;
				CLANG_WARN_INFINITE_RECURSION = YES;
				CLANG_WARN_INT_CONVERSION = YES;
				CLANG_WARN_NON_LITERAL_NULL_CONVERSION = YES;
				CLANG_WARN_OBJC_IMPLICIT_RETAIN_SELF = YES;
				CLANG_WARN_OBJC_LITERAL_CONVERSION = YES;
				CLANG_WARN_OBJC_ROOT_CLASS = YES_ERROR;
				CLANG_WARN_QUOTED_INCLUDE_IN_FRAMEWORK_HEADER = YES;
				CLANG_WARN_RANGE_LOOP_ANALYSIS = YES;
				CLANG_WARN_STRICT_PROTOTYPES = YES;
				CLANG_WARN_SUSPICIOUS_MOVE = YES;
				CLANG_WARN_UNGUARDED_AVAILABILITY = YES_AGGRESSIVE;
				CLANG_WARN_UNREACHABLE_CODE = YES;
				CLANG_WARN__DUPLICATE_METHOD_MATCH = YES;
				COPY_PHASE_STRIP = NO;
				DEBUG_INFORMATION_FORMAT = "dwarf-with-dsym";
				ENABLE_NS_ASSERTIONS = NO;
				ENABLE_STRICT_OBJC_MSGSEND = YES;
				GCC_C_LANGUAGE_STANDARD = gnu11;
				GCC_NO_COMMON_BLOCKS = YES;
				GCC_WARN_64_TO_32_BIT_CONVERSION = YES;
				GCC_WARN_ABOUT_RETURN_TYPE = YES_ERROR;
				GCC_WARN_UNDECLARED_SELECTOR = YES;
				GCC_WARN_UNINITIALIZED_AUTOS = YES_AGGRESSIVE;
				GCC_WARN_UNUSED_FUNCTION = YES;
				GCC_WARN_UNUSED_VARIABLE = YES;
				IPHONEOS_DEPLOYMENT_TARGET = 16.4;
				MTL_ENABLE_DEBUG_INFO = NO;
				MTL_FAST_MATH = YES;
				SDKROOT = iphoneos;
				SWIFT_COMPILATION_MODE = wholemodule;
				SWIFT_OPTIMIZATION_LEVEL = "-O";
				VALIDATE_PRODUCT = YES;
			};
			name = Release;
		};
		C3AB394D2A6EA19C000EFA78 /* Debug */ = {
			isa = XCBuildConfiguration;
			buildSettings = {
				ASSETCATALOG_COMPILER_APPICON_NAME = AppIcon;
				ASSETCATALOG_COMPILER_GLOBAL_ACCENT_COLOR_NAME = AccentColor;
				CODE_SIGN_STYLE = Automatic;
				CURRENT_PROJECT_VERSION = 1;
				DEVELOPMENT_ASSET_PATHS = "\"MakingWatchTheBirdie/Preview Content\"";
				DEVELOPMENT_TEAM = C238F538MB;
				ENABLE_PREVIEWS = YES;
				GENERATE_INFOPLIST_FILE = YES;
				INFOPLIST_KEY_UIApplicationSceneManifest_Generation = YES;
				INFOPLIST_KEY_UIApplicationSupportsIndirectInputEvents = YES;
				INFOPLIST_KEY_UILaunchScreen_Generation = YES;
				INFOPLIST_KEY_UISupportedInterfaceOrientations_iPad = "UIInterfaceOrientationPortrait UIInterfaceOrientationPortraitUpsideDown UIInterfaceOrientationLandscapeLeft UIInterfaceOrientationLandscapeRight";
				INFOPLIST_KEY_UISupportedInterfaceOrientations_iPhone = "UIInterfaceOrientationPortrait UIInterfaceOrientationLandscapeLeft UIInterfaceOrientationLandscapeRight";
				IPHONEOS_DEPLOYMENT_TARGET = 15.0;
				LD_RUNPATH_SEARCH_PATHS = (
					"$(inherited)",
					"@executable_path/Frameworks",
				);
				MARKETING_VERSION = 1.0;
				PRODUCT_BUNDLE_IDENTIFIER = ru.andreyzarembo.MakingWatchTheBirdie;
				PRODUCT_NAME = "$(TARGET_NAME)";
				SWIFT_EMIT_LOC_STRINGS = YES;
				SWIFT_VERSION = 5.0;
				TARGETED_DEVICE_FAMILY = "1,2";
			};
			name = Debug;
		};
		C3AB394E2A6EA19C000EFA78 /* Release */ = {
			isa = XCBuildConfiguration;
			buildSettings = {
				ASSETCATALOG_COMPILER_APPICON_NAME = AppIcon;
				ASSETCATALOG_COMPILER_GLOBAL_ACCENT_COLOR_NAME = AccentColor;
				CODE_SIGN_STYLE = Automatic;
				CURRENT_PROJECT_VERSION = 1;
				DEVELOPMENT_ASSET_PATHS = "\"MakingWatchTheBirdie/Preview Content\"";
				DEVELOPMENT_TEAM = C238F538MB;
				ENABLE_PREVIEWS = YES;
				GENERATE_INFOPLIST_FILE = YES;
				INFOPLIST_KEY_UIApplicationSceneManifest_Generation = YES;
				INFOPLIST_KEY_UIApplicationSupportsIndirectInputEvents = YES;
				INFOPLIST_KEY_UILaunchScreen_Generation = YES;
				INFOPLIST_KEY_UISupportedInterfaceOrientations_iPad = "UIInterfaceOrientationPortrait UIInterfaceOrientationPortraitUpsideDown UIInterfaceOrientationLandscapeLeft UIInterfaceOrientationLandscapeRight";
				INFOPLIST_KEY_UISupportedInterfaceOrientations_iPhone = "UIInterfaceOrientationPortrait UIInterfaceOrientationLandscapeLeft UIInterfaceOrientationLandscapeRight";
				IPHONEOS_DEPLOYMENT_TARGET = 15.0;
				LD_RUNPATH_SEARCH_PATHS = (
					"$(inherited)",
					"@executable_path/Frameworks",
				);
				MARKETING_VERSION = 1.0;
				PRODUCT_BUNDLE_IDENTIFIER = ru.andreyzarembo.MakingWatchTheBirdie;
				PRODUCT_NAME = "$(TARGET_NAME)";
				SWIFT_EMIT_LOC_STRINGS = YES;
				SWIFT_VERSION = 5.0;
				TARGETED_DEVICE_FAMILY = "1,2";
			};
			name = Release;
		};
/* End XCBuildConfiguration section */

/* Begin XCConfigurationList section */
		C3AB39392A6EA19B000EFA78 /* Build configuration list for PBXProject "MakingWatchTheBirdie" */ = {
			isa = XCConfigurationList;
			buildConfigurations = (
				C3AB394A2A6EA19C000EFA78 /* Debug */,
				C3AB394B2A6EA19C000EFA78 /* Release */,
			);
			defaultConfigurationIsVisible = 0;
			defaultConfigurationName = Release;
		};
		C3AB394C2A6EA19C000EFA78 /* Build configuration list for PBXNativeTarget "MakingWatchTheBirdie" */ = {
			isa = XCConfigurationList;
			buildConfigurations = (
				C3AB394D2A6EA19C000EFA78 /* Debug */,
				C3AB394E2A6EA19C000EFA78 /* Release */,
			);
			defaultConfigurationIsVisible = 0;
			defaultConfigurationName = Release;
		};
/* End XCConfigurationList section */
	};
	rootObject = C3AB39362A6EA19B000EFA78 /* Project object */;
}
