// !$*UTF8*$!
{
	archiveVersion = 1;
	classes = {
	};
	objectVersion = 56;
	objects = {

/* Begin PBXBuildFile section */
		C3290A2C2ABB3D1E00A41FE0 /* OperationInfo.swift in Sources */ = {isa = PBXBuildFile; fileRef = C3290A152ABB3D1E00A41FE0 /* OperationInfo.swift */; };
		C3290A2D2ABB3D1E00A41FE0 /* CombineEquations.swift in Sources */ = {isa = PBXBuildFile; fileRef = C3290A162ABB3D1E00A41FE0 /* CombineEquations.swift */; };
		C3290A2E2ABB3D1E00A41FE0 /* DemoError.swift in Sources */ = {isa = PBXBuildFile; fileRef = C3290A172ABB3D1E00A41FE0 /* DemoError.swift */; };
		C3290A2F2ABB3D1E00A41FE0 /* CombineDemo.swift in Sources */ = {isa = PBXBuildFile; fileRef = C3290A182ABB3D1E00A41FE0 /* CombineDemo.swift */; };
		C3290A302ABB3D1E00A41FE0 /* Math.swift in Sources */ = {isa = PBXBuildFile; fileRef = C3290A1A2ABB3D1E00A41FE0 /* Math.swift */; };
		C3290A312ABB3D1E00A41FE0 /* Coding.swift in Sources */ = {isa = PBXBuildFile; fileRef = C3290A1B2ABB3D1E00A41FE0 /* Coding.swift */; };
		C3290A322ABB3D1E00A41FE0 /* Timing.swift in Sources */ = {isa = PBXBuildFile; fileRef = C3290A1C2ABB3D1E00A41FE0 /* Timing.swift */; };
		C3290A332ABB3D1E00A41FE0 /* Collecting.swift in Sources */ = {isa = PBXBuildFile; fileRef = C3290A1D2ABB3D1E00A41FE0 /* Collecting.swift */; };
		C3290A342ABB3D1E00A41FE0 /* SwiftCombineDemo.swift in Sources */ = {isa = PBXBuildFile; fileRef = C3290A1E2ABB3D1E00A41FE0 /* SwiftCombineDemo.swift */; };
		C3290A352ABB3D1E00A41FE0 /* Matching.swift in Sources */ = {isa = PBXBuildFile; fileRef = C3290A1F2ABB3D1E00A41FE0 /* Matching.swift */; };
		C3290A362ABB3D1E00A41FE0 /* Sequence.swift in Sources */ = {isa = PBXBuildFile; fileRef = C3290A202ABB3D1E00A41FE0 /* Sequence.swift */; };
		C3290A372ABB3D1E00A41FE0 /* Mapping.swift in Sources */ = {isa = PBXBuildFile; fileRef = C3290A212ABB3D1E00A41FE0 /* Mapping.swift */; };
		C3290A382ABB3D1E00A41FE0 /* Filtering.swift in Sources */ = {isa = PBXBuildFile; fileRef = C3290A222ABB3D1E00A41FE0 /* Filtering.swift */; };
		C3290A392ABB3D1E00A41FE0 /* Select.swift in Sources */ = {isa = PBXBuildFile; fileRef = C3290A232ABB3D1E00A41FE0 /* Select.swift */; };
		C3290A3A2ABB3D1E00A41FE0 /* Reducing.swift in Sources */ = {isa = PBXBuildFile; fileRef = C3290A242ABB3D1E00A41FE0 /* Reducing.swift */; };
		C3290A3B2ABB3D1E00A41FE0 /* Subscribing.swift in Sources */ = {isa = PBXBuildFile; fileRef = C3290A252ABB3D1E00A41FE0 /* Subscribing.swift */; };
		C3290A3C2ABB3D1E00A41FE0 /* ItemPreview.swift in Sources */ = {isa = PBXBuildFile; fileRef = C3290A262ABB3D1E00A41FE0 /* ItemPreview.swift */; };
		C3290A3D2ABB3D1E00A41FE0 /* MapDemo.swift in Sources */ = {isa = PBXBuildFile; fileRef = C3290A272ABB3D1E00A41FE0 /* MapDemo.swift */; };
		C3290A3E2ABB3D1E00A41FE0 /* OperationInfoCollection.swift in Sources */ = {isa = PBXBuildFile; fileRef = C3290A282ABB3D1E00A41FE0 /* OperationInfoCollection.swift */; };
		C3290A3F2ABB3D1E00A41FE0 /* PublisherPreview.swift in Sources */ = {isa = PBXBuildFile; fileRef = C3290A292ABB3D1E00A41FE0 /* PublisherPreview.swift */; };
		C3290A402ABB3D1E00A41FE0 /* OperationDemo.swift in Sources */ = {isa = PBXBuildFile; fileRef = C3290A2A2ABB3D1E00A41FE0 /* OperationDemo.swift */; };
		C3290A412ABB3D1E00A41FE0 /* Operation.swift in Sources */ = {isa = PBXBuildFile; fileRef = C3290A2B2ABB3D1E00A41FE0 /* Operation.swift */; };
		C37EA3722A83C87000B32064 /* ViewForPreview.swift in Sources */ = {isa = PBXBuildFile; fileRef = C37EA3712A83C87000B32064 /* ViewForPreview.swift */; };
		C37EA3742A83E41500B32064 /* PreviewOrientation.swift in Sources */ = {isa = PBXBuildFile; fileRef = C37EA3732A83E41500B32064 /* PreviewOrientation.swift */; };
		C37EA3762A83E45200B32064 /* PreviewLightDark.swift in Sources */ = {isa = PBXBuildFile; fileRef = C37EA3752A83E45200B32064 /* PreviewLightDark.swift */; };
		C37EA3782A83E51E00B32064 /* PreviewDevice.swift in Sources */ = {isa = PBXBuildFile; fileRef = C37EA3772A83E51E00B32064 /* PreviewDevice.swift */; };
		C38AF0E02A73B54A009C0020 /* ToolbarsBackgroundGradientParent.swift in Sources */ = {isa = PBXBuildFile; fileRef = C38AF0DF2A73B54A009C0020 /* ToolbarsBackgroundGradientParent.swift */; };
		C38AF0E22A73B559009C0020 /* ToolbarsBackgroundGradient.swift in Sources */ = {isa = PBXBuildFile; fileRef = C38AF0E12A73B559009C0020 /* ToolbarsBackgroundGradient.swift */; };
		C38AF0E42A73C5E3009C0020 /* ToolbarPattern.swift in Sources */ = {isa = PBXBuildFile; fileRef = C38AF0E32A73C5E3009C0020 /* ToolbarPattern.swift */; };
		C38AF0E62A73EE06009C0020 /* ToolbarElements.swift in Sources */ = {isa = PBXBuildFile; fileRef = C38AF0E52A73EE06009C0020 /* ToolbarElements.swift */; };
		C38AF0E82A73F434009C0020 /* ToolbarButtons.swift in Sources */ = {isa = PBXBuildFile; fileRef = C38AF0E72A73F434009C0020 /* ToolbarButtons.swift */; };
		C38AF0EA2A7439B4009C0020 /* ToolbarLayout.swift in Sources */ = {isa = PBXBuildFile; fileRef = C38AF0E92A7439B4009C0020 /* ToolbarLayout.swift */; };
		C3917A272A6ED226006CC5E9 /* SideButtonsDimPreview.swift in Sources */ = {isa = PBXBuildFile; fileRef = C3917A262A6ED226006CC5E9 /* SideButtonsDimPreview.swift */; };
		C3917A2D2A704963006CC5E9 /* MasksIcon.swift in Sources */ = {isa = PBXBuildFile; fileRef = C3917A2C2A704963006CC5E9 /* MasksIcon.swift */; };
		C3917A2F2A704974006CC5E9 /* SFSymbols.swift in Sources */ = {isa = PBXBuildFile; fileRef = C3917A2E2A704974006CC5E9 /* SFSymbols.swift */; };
		C3917A312A704D8A006CC5E9 /* GradientExample.swift in Sources */ = {isa = PBXBuildFile; fileRef = C3917A302A704D8A006CC5E9 /* GradientExample.swift */; };
		C3917A342A717EDA006CC5E9 /* Toolbars.swift in Sources */ = {isa = PBXBuildFile; fileRef = C3917A332A717EDA006CC5E9 /* Toolbars.swift */; };
		C3917A362A717F4E006CC5E9 /* ToolbarPatternStyle.swift in Sources */ = {isa = PBXBuildFile; fileRef = C3917A352A717F4E006CC5E9 /* ToolbarPatternStyle.swift */; };
		C3917A392A718417006CC5E9 /* ToolbarsBackgroundGradientKids.swift in Sources */ = {isa = PBXBuildFile; fileRef = C3917A382A718417006CC5E9 /* ToolbarsBackgroundGradientKids.swift */; };
		C3917A3B2A73B24B006CC5E9 /* TopToolbarBorderGradientKids.swift in Sources */ = {isa = PBXBuildFile; fileRef = C3917A3A2A73B24B006CC5E9 /* TopToolbarBorderGradientKids.swift */; };
		C3917A3D2A73B2A5006CC5E9 /* BottomToolbarBorderGradientKids.swift in Sources */ = {isa = PBXBuildFile; fileRef = C3917A3C2A73B2A5006CC5E9 /* BottomToolbarBorderGradientKids.swift */; };
		C3917A3F2A73B2B1006CC5E9 /* ToolbarBorderGradient.swift in Sources */ = {isa = PBXBuildFile; fileRef = C3917A3E2A73B2B1006CC5E9 /* ToolbarBorderGradient.swift */; };
		C3917A412A73B329006CC5E9 /* TopToolbarBorderGradientParens.swift in Sources */ = {isa = PBXBuildFile; fileRef = C3917A402A73B329006CC5E9 /* TopToolbarBorderGradientParens.swift */; };
		C3917A432A73B334006CC5E9 /* BottomToolbarBorderGradientParents.swift in Sources */ = {isa = PBXBuildFile; fileRef = C3917A422A73B334006CC5E9 /* BottomToolbarBorderGradientParents.swift */; };
		C3AB39422A6EA19B000EFA78 /* MakingWatchTheBirdieApp.swift in Sources */ = {isa = PBXBuildFile; fileRef = C3AB39412A6EA19B000EFA78 /* MakingWatchTheBirdieApp.swift */; };
		C3AB39442A6EA19B000EFA78 /* ContentView.swift in Sources */ = {isa = PBXBuildFile; fileRef = C3AB39432A6EA19B000EFA78 /* ContentView.swift */; };
		C3AB39462A6EA19C000EFA78 /* Assets.xcassets in Resources */ = {isa = PBXBuildFile; fileRef = C3AB39452A6EA19C000EFA78 /* Assets.xcassets */; };
		C3AB39492A6EA19C000EFA78 /* Preview Assets.xcassets in Resources */ = {isa = PBXBuildFile; fileRef = C3AB39482A6EA19C000EFA78 /* Preview Assets.xcassets */; };
		C3AB39512A6EA5F1000EFA78 /* CaptureButton.swift in Sources */ = {isa = PBXBuildFile; fileRef = C3AB39502A6EA5F1000EFA78 /* CaptureButton.swift */; };
		C3AB39532A6EAA15000EFA78 /* ToolbarButton.swift in Sources */ = {isa = PBXBuildFile; fileRef = C3AB39522A6EAA15000EFA78 /* ToolbarButton.swift */; };
		C3AB39562A6EAA29000EFA78 /* AccessLevel.swift in Sources */ = {isa = PBXBuildFile; fileRef = C3AB39552A6EAA29000EFA78 /* AccessLevel.swift */; };
		C3AB39582A6EAC72000EFA78 /* SideButton.swift in Sources */ = {isa = PBXBuildFile; fileRef = C3AB39572A6EAC72000EFA78 /* SideButton.swift */; };
		C3AB395C2A6EACA2000EFA78 /* ScreenSide.swift in Sources */ = {isa = PBXBuildFile; fileRef = C3AB395B2A6EACA2000EFA78 /* ScreenSide.swift */; };
		C3AB395E2A6EB02C000EFA78 /* SideButtonLayout.swift in Sources */ = {isa = PBXBuildFile; fileRef = C3AB395D2A6EB02C000EFA78 /* SideButtonLayout.swift */; };
		C3BD3EBD2AB0657D005B0DE2 /* AppBundle.swift in Sources */ = {isa = PBXBuildFile; fileRef = C3BD3EB52AB0657D005B0DE2 /* AppBundle.swift */; };
		C3BD3EBE2AB0657D005B0DE2 /* UrlOfImage.swift in Sources */ = {isa = PBXBuildFile; fileRef = C3BD3EB62AB0657D005B0DE2 /* UrlOfImage.swift */; };
		C3BD3EBF2AB0657D005B0DE2 /* MediaItem.swift in Sources */ = {isa = PBXBuildFile; fileRef = C3BD3EB72AB0657D005B0DE2 /* MediaItem.swift */; };
		C3BD3EC02AB0657D005B0DE2 /* GalleryGrid.swift in Sources */ = {isa = PBXBuildFile; fileRef = C3BD3EB82AB0657D005B0DE2 /* GalleryGrid.swift */; };
		C3BD3EC12AB0657D005B0DE2 /* GalleryItem.swift in Sources */ = {isa = PBXBuildFile; fileRef = C3BD3EB92AB0657D005B0DE2 /* GalleryItem.swift */; };
		C3BD3EC22AB0657D005B0DE2 /* DummyContentSource.swift in Sources */ = {isa = PBXBuildFile; fileRef = C3BD3EBA2AB0657D005B0DE2 /* DummyContentSource.swift */; };
		C3BD3EC32AB0657D005B0DE2 /* Content.swift in Sources */ = {isa = PBXBuildFile; fileRef = C3BD3EBB2AB0657D005B0DE2 /* Content.swift */; };
		C3BD3EC42AB0657D005B0DE2 /* Gallery.swift in Sources */ = {isa = PBXBuildFile; fileRef = C3BD3EBC2AB0657D005B0DE2 /* Gallery.swift */; };
		C3C818A72A83F67700B90F4F /* LiveCoding.swift in Sources */ = {isa = PBXBuildFile; fileRef = C3C818A62A83F67700B90F4F /* LiveCoding.swift */; };
		C3C818A92A83F68300B90F4F /* SimpleCard.swift in Sources */ = {isa = PBXBuildFile; fileRef = C3C818A82A83F68300B90F4F /* SimpleCard.swift */; };
		C3C818AB2A83F9C700B90F4F /* State.swift in Sources */ = {isa = PBXBuildFile; fileRef = C3C818AA2A83F9C700B90F4F /* State.swift */; };
		C3CFE62E2AA8B25400ABFFA6 /* ViewBuilderExample.swift in Sources */ = {isa = PBXBuildFile; fileRef = C3CFE62A2AA8B25400ABFFA6 /* ViewBuilderExample.swift */; };
		C3CFE62F2AA8B25400ABFFA6 /* TupleViewToArray.swift in Sources */ = {isa = PBXBuildFile; fileRef = C3CFE62B2AA8B25400ABFFA6 /* TupleViewToArray.swift */; };
		C3CFE6302AA8B25400ABFFA6 /* CustomContainer.swift in Sources */ = {isa = PBXBuildFile; fileRef = C3CFE62C2AA8B25400ABFFA6 /* CustomContainer.swift */; };
		C3CFE6312AA8B25400ABFFA6 /* ViewArrayContainer.swift in Sources */ = {isa = PBXBuildFile; fileRef = C3CFE62D2AA8B25400ABFFA6 /* ViewArrayContainer.swift */; };
		C3E60AC32A9CE9FA001728A0 /* AgeCheckAnswerButton.swift in Sources */ = {isa = PBXBuildFile; fileRef = C3E60ABA2A9CE9FA001728A0 /* AgeCheckAnswerButton.swift */; };
		C3E60AC42A9CE9FA001728A0 /* AgeCheckEquation.swift in Sources */ = {isa = PBXBuildFile; fileRef = C3E60ABB2A9CE9FA001728A0 /* AgeCheckEquation.swift */; };
		C3E60AC52A9CE9FA001728A0 /* AgeCheckLayer.swift in Sources */ = {isa = PBXBuildFile; fileRef = C3E60ABC2A9CE9FA001728A0 /* AgeCheckLayer.swift */; };
		C3E60AC62A9CE9FA001728A0 /* AgeSwitchButton.swift in Sources */ = {isa = PBXBuildFile; fileRef = C3E60ABD2A9CE9FA001728A0 /* AgeSwitchButton.swift */; };
		C3E60AC72A9CE9FA001728A0 /* AgeCheck.swift in Sources */ = {isa = PBXBuildFile; fileRef = C3E60ABE2A9CE9FA001728A0 /* AgeCheck.swift */; };
		C3E60AC82A9CE9FA001728A0 /* AgeCheckEquationDebug.swift in Sources */ = {isa = PBXBuildFile; fileRef = C3E60ABF2A9CE9FA001728A0 /* AgeCheckEquationDebug.swift */; };
		C3E60AC92A9CE9FA001728A0 /* AgeCheckPreview.swift in Sources */ = {isa = PBXBuildFile; fileRef = C3E60AC02A9CE9FA001728A0 /* AgeCheckPreview.swift */; };
		C3E60ACA2A9CE9FA001728A0 /* AgeCheckOperation.swift in Sources */ = {isa = PBXBuildFile; fileRef = C3E60AC12A9CE9FA001728A0 /* AgeCheckOperation.swift */; };
		C3E60ACB2A9CE9FA001728A0 /* AgeCheckEquationGenerator.swift in Sources */ = {isa = PBXBuildFile; fileRef = C3E60AC22A9CE9FA001728A0 /* AgeCheckEquationGenerator.swift */; };
		C3E60ACD2A9CEAA5001728A0 /* AccessLevelStates.swift in Sources */ = {isa = PBXBuildFile; fileRef = C3E60ACC2A9CEAA5001728A0 /* AccessLevelStates.swift */; };
		C3E60AD02A9CEB11001728A0 /* AgeCheckBackground.swift in Sources */ = {isa = PBXBuildFile; fileRef = C3E60ACF2A9CEB11001728A0 /* AgeCheckBackground.swift */; };
/* End PBXBuildFile section */

/* Begin PBXFileReference section */
		C3290A152ABB3D1E00A41FE0 /* OperationInfo.swift */ = {isa = PBXFileReference; fileEncoding = 4; lastKnownFileType = sourcecode.swift; path = OperationInfo.swift; sourceTree = "<group>"; };
		C3290A162ABB3D1E00A41FE0 /* CombineEquations.swift */ = {isa = PBXFileReference; fileEncoding = 4; lastKnownFileType = sourcecode.swift; path = CombineEquations.swift; sourceTree = "<group>"; };
		C3290A172ABB3D1E00A41FE0 /* DemoError.swift */ = {isa = PBXFileReference; fileEncoding = 4; lastKnownFileType = sourcecode.swift; path = DemoError.swift; sourceTree = "<group>"; };
		C3290A182ABB3D1E00A41FE0 /* CombineDemo.swift */ = {isa = PBXFileReference; fileEncoding = 4; lastKnownFileType = sourcecode.swift; path = CombineDemo.swift; sourceTree = "<group>"; };
		C3290A1A2ABB3D1E00A41FE0 /* Math.swift */ = {isa = PBXFileReference; fileEncoding = 4; lastKnownFileType = sourcecode.swift; path = Math.swift; sourceTree = "<group>"; };
		C3290A1B2ABB3D1E00A41FE0 /* Coding.swift */ = {isa = PBXFileReference; fileEncoding = 4; lastKnownFileType = sourcecode.swift; path = Coding.swift; sourceTree = "<group>"; };
		C3290A1C2ABB3D1E00A41FE0 /* Timing.swift */ = {isa = PBXFileReference; fileEncoding = 4; lastKnownFileType = sourcecode.swift; path = Timing.swift; sourceTree = "<group>"; };
		C3290A1D2ABB3D1E00A41FE0 /* Collecting.swift */ = {isa = PBXFileReference; fileEncoding = 4; lastKnownFileType = sourcecode.swift; path = Collecting.swift; sourceTree = "<group>"; };
		C3290A1E2ABB3D1E00A41FE0 /* SwiftCombineDemo.swift */ = {isa = PBXFileReference; fileEncoding = 4; lastKnownFileType = sourcecode.swift; path = SwiftCombineDemo.swift; sourceTree = "<group>"; };
		C3290A1F2ABB3D1E00A41FE0 /* Matching.swift */ = {isa = PBXFileReference; fileEncoding = 4; lastKnownFileType = sourcecode.swift; path = Matching.swift; sourceTree = "<group>"; };
		C3290A202ABB3D1E00A41FE0 /* Sequence.swift */ = {isa = PBXFileReference; fileEncoding = 4; lastKnownFileType = sourcecode.swift; path = Sequence.swift; sourceTree = "<group>"; };
		C3290A212ABB3D1E00A41FE0 /* Mapping.swift */ = {isa = PBXFileReference; fileEncoding = 4; lastKnownFileType = sourcecode.swift; path = Mapping.swift; sourceTree = "<group>"; };
		C3290A222ABB3D1E00A41FE0 /* Filtering.swift */ = {isa = PBXFileReference; fileEncoding = 4; lastKnownFileType = sourcecode.swift; path = Filtering.swift; sourceTree = "<group>"; };
		C3290A232ABB3D1E00A41FE0 /* Select.swift */ = {isa = PBXFileReference; fileEncoding = 4; lastKnownFileType = sourcecode.swift; path = Select.swift; sourceTree = "<group>"; };
		C3290A242ABB3D1E00A41FE0 /* Reducing.swift */ = {isa = PBXFileReference; fileEncoding = 4; lastKnownFileType = sourcecode.swift; path = Reducing.swift; sourceTree = "<group>"; };
		C3290A252ABB3D1E00A41FE0 /* Subscribing.swift */ = {isa = PBXFileReference; fileEncoding = 4; lastKnownFileType = sourcecode.swift; path = Subscribing.swift; sourceTree = "<group>"; };
		C3290A262ABB3D1E00A41FE0 /* ItemPreview.swift */ = {isa = PBXFileReference; fileEncoding = 4; lastKnownFileType = sourcecode.swift; path = ItemPreview.swift; sourceTree = "<group>"; };
		C3290A272ABB3D1E00A41FE0 /* MapDemo.swift */ = {isa = PBXFileReference; fileEncoding = 4; lastKnownFileType = sourcecode.swift; path = MapDemo.swift; sourceTree = "<group>"; };
		C3290A282ABB3D1E00A41FE0 /* OperationInfoCollection.swift */ = {isa = PBXFileReference; fileEncoding = 4; lastKnownFileType = sourcecode.swift; path = OperationInfoCollection.swift; sourceTree = "<group>"; };
		C3290A292ABB3D1E00A41FE0 /* PublisherPreview.swift */ = {isa = PBXFileReference; fileEncoding = 4; lastKnownFileType = sourcecode.swift; path = PublisherPreview.swift; sourceTree = "<group>"; };
		C3290A2A2ABB3D1E00A41FE0 /* OperationDemo.swift */ = {isa = PBXFileReference; fileEncoding = 4; lastKnownFileType = sourcecode.swift; path = OperationDemo.swift; sourceTree = "<group>"; };
		C3290A2B2ABB3D1E00A41FE0 /* Operation.swift */ = {isa = PBXFileReference; fileEncoding = 4; lastKnownFileType = sourcecode.swift; path = Operation.swift; sourceTree = "<group>"; };
		C37EA3712A83C87000B32064 /* ViewForPreview.swift */ = {isa = PBXFileReference; lastKnownFileType = sourcecode.swift; path = ViewForPreview.swift; sourceTree = "<group>"; };
		C37EA3732A83E41500B32064 /* PreviewOrientation.swift */ = {isa = PBXFileReference; lastKnownFileType = sourcecode.swift; path = PreviewOrientation.swift; sourceTree = "<group>"; };
		C37EA3752A83E45200B32064 /* PreviewLightDark.swift */ = {isa = PBXFileReference; lastKnownFileType = sourcecode.swift; path = PreviewLightDark.swift; sourceTree = "<group>"; };
		C37EA3772A83E51E00B32064 /* PreviewDevice.swift */ = {isa = PBXFileReference; lastKnownFileType = sourcecode.swift; path = PreviewDevice.swift; sourceTree = "<group>"; };
		C38AF0DF2A73B54A009C0020 /* ToolbarsBackgroundGradientParent.swift */ = {isa = PBXFileReference; lastKnownFileType = sourcecode.swift; path = ToolbarsBackgroundGradientParent.swift; sourceTree = "<group>"; };
		C38AF0E12A73B559009C0020 /* ToolbarsBackgroundGradient.swift */ = {isa = PBXFileReference; lastKnownFileType = sourcecode.swift; path = ToolbarsBackgroundGradient.swift; sourceTree = "<group>"; };
		C38AF0E32A73C5E3009C0020 /* ToolbarPattern.swift */ = {isa = PBXFileReference; lastKnownFileType = sourcecode.swift; path = ToolbarPattern.swift; sourceTree = "<group>"; };
		C38AF0E52A73EE06009C0020 /* ToolbarElements.swift */ = {isa = PBXFileReference; lastKnownFileType = sourcecode.swift; path = ToolbarElements.swift; sourceTree = "<group>"; };
		C38AF0E72A73F434009C0020 /* ToolbarButtons.swift */ = {isa = PBXFileReference; lastKnownFileType = sourcecode.swift; path = ToolbarButtons.swift; sourceTree = "<group>"; };
		C38AF0E92A7439B4009C0020 /* ToolbarLayout.swift */ = {isa = PBXFileReference; lastKnownFileType = sourcecode.swift; path = ToolbarLayout.swift; sourceTree = "<group>"; };
		C3917A262A6ED226006CC5E9 /* SideButtonsDimPreview.swift */ = {isa = PBXFileReference; lastKnownFileType = sourcecode.swift; path = SideButtonsDimPreview.swift; sourceTree = "<group>"; };
		C3917A2C2A704963006CC5E9 /* MasksIcon.swift */ = {isa = PBXFileReference; lastKnownFileType = sourcecode.swift; path = MasksIcon.swift; sourceTree = "<group>"; };
		C3917A2E2A704974006CC5E9 /* SFSymbols.swift */ = {isa = PBXFileReference; lastKnownFileType = sourcecode.swift; path = SFSymbols.swift; sourceTree = "<group>"; };
		C3917A302A704D8A006CC5E9 /* GradientExample.swift */ = {isa = PBXFileReference; lastKnownFileType = sourcecode.swift; path = GradientExample.swift; sourceTree = "<group>"; };
		C3917A332A717EDA006CC5E9 /* Toolbars.swift */ = {isa = PBXFileReference; lastKnownFileType = sourcecode.swift; path = Toolbars.swift; sourceTree = "<group>"; };
		C3917A352A717F4E006CC5E9 /* ToolbarPatternStyle.swift */ = {isa = PBXFileReference; lastKnownFileType = sourcecode.swift; path = ToolbarPatternStyle.swift; sourceTree = "<group>"; };
		C3917A382A718417006CC5E9 /* ToolbarsBackgroundGradientKids.swift */ = {isa = PBXFileReference; lastKnownFileType = sourcecode.swift; path = ToolbarsBackgroundGradientKids.swift; sourceTree = "<group>"; };
		C3917A3A2A73B24B006CC5E9 /* TopToolbarBorderGradientKids.swift */ = {isa = PBXFileReference; lastKnownFileType = sourcecode.swift; path = TopToolbarBorderGradientKids.swift; sourceTree = "<group>"; };
		C3917A3C2A73B2A5006CC5E9 /* BottomToolbarBorderGradientKids.swift */ = {isa = PBXFileReference; lastKnownFileType = sourcecode.swift; path = BottomToolbarBorderGradientKids.swift; sourceTree = "<group>"; };
		C3917A3E2A73B2B1006CC5E9 /* ToolbarBorderGradient.swift */ = {isa = PBXFileReference; lastKnownFileType = sourcecode.swift; path = ToolbarBorderGradient.swift; sourceTree = "<group>"; };
		C3917A402A73B329006CC5E9 /* TopToolbarBorderGradientParens.swift */ = {isa = PBXFileReference; lastKnownFileType = sourcecode.swift; path = TopToolbarBorderGradientParens.swift; sourceTree = "<group>"; };
		C3917A422A73B334006CC5E9 /* BottomToolbarBorderGradientParents.swift */ = {isa = PBXFileReference; lastKnownFileType = sourcecode.swift; path = BottomToolbarBorderGradientParents.swift; sourceTree = "<group>"; };
		C3AB393E2A6EA19B000EFA78 /* MakingWatchTheBirdie.app */ = {isa = PBXFileReference; explicitFileType = wrapper.application; includeInIndex = 0; path = MakingWatchTheBirdie.app; sourceTree = BUILT_PRODUCTS_DIR; };
		C3AB39412A6EA19B000EFA78 /* MakingWatchTheBirdieApp.swift */ = {isa = PBXFileReference; lastKnownFileType = sourcecode.swift; path = MakingWatchTheBirdieApp.swift; sourceTree = "<group>"; };
		C3AB39432A6EA19B000EFA78 /* ContentView.swift */ = {isa = PBXFileReference; lastKnownFileType = sourcecode.swift; path = ContentView.swift; sourceTree = "<group>"; };
		C3AB39452A6EA19C000EFA78 /* Assets.xcassets */ = {isa = PBXFileReference; lastKnownFileType = folder.assetcatalog; path = Assets.xcassets; sourceTree = "<group>"; };
		C3AB39482A6EA19C000EFA78 /* Preview Assets.xcassets */ = {isa = PBXFileReference; lastKnownFileType = folder.assetcatalog; path = "Preview Assets.xcassets"; sourceTree = "<group>"; };
		C3AB39502A6EA5F1000EFA78 /* CaptureButton.swift */ = {isa = PBXFileReference; lastKnownFileType = sourcecode.swift; path = CaptureButton.swift; sourceTree = "<group>"; };
		C3AB39522A6EAA15000EFA78 /* ToolbarButton.swift */ = {isa = PBXFileReference; lastKnownFileType = sourcecode.swift; path = ToolbarButton.swift; sourceTree = "<group>"; };
		C3AB39552A6EAA29000EFA78 /* AccessLevel.swift */ = {isa = PBXFileReference; lastKnownFileType = sourcecode.swift; path = AccessLevel.swift; sourceTree = "<group>"; };
		C3AB39572A6EAC72000EFA78 /* SideButton.swift */ = {isa = PBXFileReference; lastKnownFileType = sourcecode.swift; path = SideButton.swift; sourceTree = "<group>"; };
		C3AB395B2A6EACA2000EFA78 /* ScreenSide.swift */ = {isa = PBXFileReference; lastKnownFileType = sourcecode.swift; path = ScreenSide.swift; sourceTree = "<group>"; };
		C3AB395D2A6EB02C000EFA78 /* SideButtonLayout.swift */ = {isa = PBXFileReference; lastKnownFileType = sourcecode.swift; path = SideButtonLayout.swift; sourceTree = "<group>"; };
		C3BD3EB52AB0657D005B0DE2 /* AppBundle.swift */ = {isa = PBXFileReference; fileEncoding = 4; lastKnownFileType = sourcecode.swift; path = AppBundle.swift; sourceTree = "<group>"; };
		C3BD3EB62AB0657D005B0DE2 /* UrlOfImage.swift */ = {isa = PBXFileReference; fileEncoding = 4; lastKnownFileType = sourcecode.swift; path = UrlOfImage.swift; sourceTree = "<group>"; };
		C3BD3EB72AB0657D005B0DE2 /* MediaItem.swift */ = {isa = PBXFileReference; fileEncoding = 4; lastKnownFileType = sourcecode.swift; path = MediaItem.swift; sourceTree = "<group>"; };
		C3BD3EB82AB0657D005B0DE2 /* GalleryGrid.swift */ = {isa = PBXFileReference; fileEncoding = 4; lastKnownFileType = sourcecode.swift; path = GalleryGrid.swift; sourceTree = "<group>"; };
		C3BD3EB92AB0657D005B0DE2 /* GalleryItem.swift */ = {isa = PBXFileReference; fileEncoding = 4; lastKnownFileType = sourcecode.swift; path = GalleryItem.swift; sourceTree = "<group>"; };
		C3BD3EBA2AB0657D005B0DE2 /* DummyContentSource.swift */ = {isa = PBXFileReference; fileEncoding = 4; lastKnownFileType = sourcecode.swift; path = DummyContentSource.swift; sourceTree = "<group>"; };
		C3BD3EBB2AB0657D005B0DE2 /* Content.swift */ = {isa = PBXFileReference; fileEncoding = 4; lastKnownFileType = sourcecode.swift; path = Content.swift; sourceTree = "<group>"; };
		C3BD3EBC2AB0657D005B0DE2 /* Gallery.swift */ = {isa = PBXFileReference; fileEncoding = 4; lastKnownFileType = sourcecode.swift; path = Gallery.swift; sourceTree = "<group>"; };
		C3C818A62A83F67700B90F4F /* LiveCoding.swift */ = {isa = PBXFileReference; lastKnownFileType = sourcecode.swift; path = LiveCoding.swift; sourceTree = "<group>"; };
		C3C818A82A83F68300B90F4F /* SimpleCard.swift */ = {isa = PBXFileReference; lastKnownFileType = sourcecode.swift; path = SimpleCard.swift; sourceTree = "<group>"; };
		C3C818AA2A83F9C700B90F4F /* State.swift */ = {isa = PBXFileReference; lastKnownFileType = sourcecode.swift; path = State.swift; sourceTree = "<group>"; };
		C3CFE62A2AA8B25400ABFFA6 /* ViewBuilderExample.swift */ = {isa = PBXFileReference; fileEncoding = 4; lastKnownFileType = sourcecode.swift; path = ViewBuilderExample.swift; sourceTree = "<group>"; };
		C3CFE62B2AA8B25400ABFFA6 /* TupleViewToArray.swift */ = {isa = PBXFileReference; fileEncoding = 4; lastKnownFileType = sourcecode.swift; path = TupleViewToArray.swift; sourceTree = "<group>"; };
		C3CFE62C2AA8B25400ABFFA6 /* CustomContainer.swift */ = {isa = PBXFileReference; fileEncoding = 4; lastKnownFileType = sourcecode.swift; path = CustomContainer.swift; sourceTree = "<group>"; };
		C3CFE62D2AA8B25400ABFFA6 /* ViewArrayContainer.swift */ = {isa = PBXFileReference; fileEncoding = 4; lastKnownFileType = sourcecode.swift; path = ViewArrayContainer.swift; sourceTree = "<group>"; };
		C3E60ABA2A9CE9FA001728A0 /* AgeCheckAnswerButton.swift */ = {isa = PBXFileReference; fileEncoding = 4; lastKnownFileType = sourcecode.swift; path = AgeCheckAnswerButton.swift; sourceTree = "<group>"; };
		C3E60ABB2A9CE9FA001728A0 /* AgeCheckEquation.swift */ = {isa = PBXFileReference; fileEncoding = 4; lastKnownFileType = sourcecode.swift; path = AgeCheckEquation.swift; sourceTree = "<group>"; };
		C3E60ABC2A9CE9FA001728A0 /* AgeCheckLayer.swift */ = {isa = PBXFileReference; fileEncoding = 4; lastKnownFileType = sourcecode.swift; path = AgeCheckLayer.swift; sourceTree = "<group>"; };
		C3E60ABD2A9CE9FA001728A0 /* AgeSwitchButton.swift */ = {isa = PBXFileReference; fileEncoding = 4; lastKnownFileType = sourcecode.swift; path = AgeSwitchButton.swift; sourceTree = "<group>"; };
		C3E60ABE2A9CE9FA001728A0 /* AgeCheck.swift */ = {isa = PBXFileReference; fileEncoding = 4; lastKnownFileType = sourcecode.swift; path = AgeCheck.swift; sourceTree = "<group>"; };
		C3E60ABF2A9CE9FA001728A0 /* AgeCheckEquationDebug.swift */ = {isa = PBXFileReference; fileEncoding = 4; lastKnownFileType = sourcecode.swift; path = AgeCheckEquationDebug.swift; sourceTree = "<group>"; };
		C3E60AC02A9CE9FA001728A0 /* AgeCheckPreview.swift */ = {isa = PBXFileReference; fileEncoding = 4; lastKnownFileType = sourcecode.swift; path = AgeCheckPreview.swift; sourceTree = "<group>"; };
		C3E60AC12A9CE9FA001728A0 /* AgeCheckOperation.swift */ = {isa = PBXFileReference; fileEncoding = 4; lastKnownFileType = sourcecode.swift; path = AgeCheckOperation.swift; sourceTree = "<group>"; };
		C3E60AC22A9CE9FA001728A0 /* AgeCheckEquationGenerator.swift */ = {isa = PBXFileReference; fileEncoding = 4; lastKnownFileType = sourcecode.swift; path = AgeCheckEquationGenerator.swift; sourceTree = "<group>"; };
		C3E60ACC2A9CEAA5001728A0 /* AccessLevelStates.swift */ = {isa = PBXFileReference; lastKnownFileType = sourcecode.swift; path = AccessLevelStates.swift; sourceTree = "<group>"; };
		C3E60ACF2A9CEB11001728A0 /* AgeCheckBackground.swift */ = {isa = PBXFileReference; lastKnownFileType = sourcecode.swift; path = AgeCheckBackground.swift; sourceTree = "<group>"; };
/* End PBXFileReference section */

/* Begin PBXFrameworksBuildPhase section */
		C3AB393B2A6EA19B000EFA78 /* Frameworks */ = {
			isa = PBXFrameworksBuildPhase;
			buildActionMask = 2147483647;
			files = (
			);
			runOnlyForDeploymentPostprocessing = 0;
		};
/* End PBXFrameworksBuildPhase section */

/* Begin PBXGroup section */
		C3290A142ABB3D1E00A41FE0 /* Combine */ = {
			isa = PBXGroup;
			children = (
				C3290A152ABB3D1E00A41FE0 /* OperationInfo.swift */,
				C3290A162ABB3D1E00A41FE0 /* CombineEquations.swift */,
				C3290A172ABB3D1E00A41FE0 /* DemoError.swift */,
				C3290A182ABB3D1E00A41FE0 /* CombineDemo.swift */,
				C3290A192ABB3D1E00A41FE0 /* Examples */,
				C3290A262ABB3D1E00A41FE0 /* ItemPreview.swift */,
				C3290A272ABB3D1E00A41FE0 /* MapDemo.swift */,
				C3290A282ABB3D1E00A41FE0 /* OperationInfoCollection.swift */,
				C3290A292ABB3D1E00A41FE0 /* PublisherPreview.swift */,
				C3290A2A2ABB3D1E00A41FE0 /* OperationDemo.swift */,
				C3290A2B2ABB3D1E00A41FE0 /* Operation.swift */,
			);
			path = Combine;
			sourceTree = "<group>";
		};
		C3290A192ABB3D1E00A41FE0 /* Examples */ = {
			isa = PBXGroup;
			children = (
				C3290A1A2ABB3D1E00A41FE0 /* Math.swift */,
				C3290A1B2ABB3D1E00A41FE0 /* Coding.swift */,
				C3290A1C2ABB3D1E00A41FE0 /* Timing.swift */,
				C3290A1D2ABB3D1E00A41FE0 /* Collecting.swift */,
				C3290A1E2ABB3D1E00A41FE0 /* SwiftCombineDemo.swift */,
				C3290A1F2ABB3D1E00A41FE0 /* Matching.swift */,
				C3290A202ABB3D1E00A41FE0 /* Sequence.swift */,
				C3290A212ABB3D1E00A41FE0 /* Mapping.swift */,
				C3290A222ABB3D1E00A41FE0 /* Filtering.swift */,
				C3290A232ABB3D1E00A41FE0 /* Select.swift */,
				C3290A242ABB3D1E00A41FE0 /* Reducing.swift */,
				C3290A252ABB3D1E00A41FE0 /* Subscribing.swift */,
			);
			path = Examples;
			sourceTree = "<group>";
		};
		C37EA3702A83C85C00B32064 /* Preview */ = {
			isa = PBXGroup;
			children = (
				C37EA3712A83C87000B32064 /* ViewForPreview.swift */,
				C37EA3732A83E41500B32064 /* PreviewOrientation.swift */,
				C37EA3752A83E45200B32064 /* PreviewLightDark.swift */,
				C37EA3772A83E51E00B32064 /* PreviewDevice.swift */,
				C3C818A62A83F67700B90F4F /* LiveCoding.swift */,
				C3C818A82A83F68300B90F4F /* SimpleCard.swift */,
				C3C818AA2A83F9C700B90F4F /* State.swift */,
			);
			path = Preview;
			sourceTree = "<group>";
		};
		C38AF0DD2A73B524009C0020 /* ToolbarBackground */ = {
			isa = PBXGroup;
			children = (
				C38AF0E12A73B559009C0020 /* ToolbarsBackgroundGradient.swift */,
				C3917A382A718417006CC5E9 /* ToolbarsBackgroundGradientKids.swift */,
				C38AF0DF2A73B54A009C0020 /* ToolbarsBackgroundGradientParent.swift */,
			);
			path = ToolbarBackground;
			sourceTree = "<group>";
		};
		C38AF0DE2A73B536009C0020 /* ToolbarBorder */ = {
			isa = PBXGroup;
			children = (
				C3917A3E2A73B2B1006CC5E9 /* ToolbarBorderGradient.swift */,
				C3917A3A2A73B24B006CC5E9 /* TopToolbarBorderGradientKids.swift */,
				C3917A3C2A73B2A5006CC5E9 /* BottomToolbarBorderGradientKids.swift */,
				C3917A402A73B329006CC5E9 /* TopToolbarBorderGradientParens.swift */,
				C3917A422A73B334006CC5E9 /* BottomToolbarBorderGradientParents.swift */,
			);
			path = ToolbarBorder;
			sourceTree = "<group>";
		};
		C3917A292A70491F006CC5E9 /* Images */ = {
			isa = PBXGroup;
			children = (
				C3917A2C2A704963006CC5E9 /* MasksIcon.swift */,
				C3917A2E2A704974006CC5E9 /* SFSymbols.swift */,
				C3917A302A704D8A006CC5E9 /* GradientExample.swift */,
			);
			path = Images;
			sourceTree = "<group>";
		};
		C3917A322A717EC8006CC5E9 /* Toolbars */ = {
			isa = PBXGroup;
			children = (
				C3917A332A717EDA006CC5E9 /* Toolbars.swift */,
				C3917A352A717F4E006CC5E9 /* ToolbarPatternStyle.swift */,
				C38AF0E32A73C5E3009C0020 /* ToolbarPattern.swift */,
				C38AF0E52A73EE06009C0020 /* ToolbarElements.swift */,
				C38AF0E72A73F434009C0020 /* ToolbarButtons.swift */,
				C38AF0E92A7439B4009C0020 /* ToolbarLayout.swift */,
			);
			path = Toolbars;
			sourceTree = "<group>";
		};
		C3917A372A7183F2006CC5E9 /* Gradients */ = {
			isa = PBXGroup;
			children = (
				C3E60ACE2A9CEB08001728A0 /* AgeCheck */,
				C38AF0DE2A73B536009C0020 /* ToolbarBorder */,
				C38AF0DD2A73B524009C0020 /* ToolbarBackground */,
			);
			path = Gradients;
			sourceTree = "<group>";
		};
		C3AB39352A6EA19B000EFA78 = {
			isa = PBXGroup;
			children = (
				C3AB39402A6EA19B000EFA78 /* MakingWatchTheBirdie */,
				C3AB393F2A6EA19B000EFA78 /* Products */,
			);
			sourceTree = "<group>";
		};
		C3AB393F2A6EA19B000EFA78 /* Products */ = {
			isa = PBXGroup;
			children = (
				C3AB393E2A6EA19B000EFA78 /* MakingWatchTheBirdie.app */,
			);
			name = Products;
			sourceTree = "<group>";
		};
		C3AB39402A6EA19B000EFA78 /* MakingWatchTheBirdie */ = {
			isa = PBXGroup;
			children = (
				C3290A142ABB3D1E00A41FE0 /* Combine */,
				C3BD3EB42AB0657D005B0DE2 /* Gallery */,
				C3CFE6292AA8B25400ABFFA6 /* ViewBuilder */,
				C3E60AB92A9CE9FA001728A0 /* Parents */,
				C37EA3702A83C85C00B32064 /* Preview */,
				C3917A372A7183F2006CC5E9 /* Gradients */,
				C3917A322A717EC8006CC5E9 /* Toolbars */,
				C3917A292A70491F006CC5E9 /* Images */,
				C3AB39542A6EAA1F000EFA78 /* Core */,
				C3AB394F2A6EA5E1000EFA78 /* Buttons */,
				C3AB39412A6EA19B000EFA78 /* MakingWatchTheBirdieApp.swift */,
				C3AB39432A6EA19B000EFA78 /* ContentView.swift */,
				C3AB39452A6EA19C000EFA78 /* Assets.xcassets */,
				C3AB39472A6EA19C000EFA78 /* Preview Content */,
			);
			path = MakingWatchTheBirdie;
			sourceTree = "<group>";
		};
		C3AB39472A6EA19C000EFA78 /* Preview Content */ = {
			isa = PBXGroup;
			children = (
				C3AB39482A6EA19C000EFA78 /* Preview Assets.xcassets */,
			);
			path = "Preview Content";
			sourceTree = "<group>";
		};
		C3AB394F2A6EA5E1000EFA78 /* Buttons */ = {
			isa = PBXGroup;
			children = (
				C3AB39502A6EA5F1000EFA78 /* CaptureButton.swift */,
				C3AB39522A6EAA15000EFA78 /* ToolbarButton.swift */,
				C3AB39572A6EAC72000EFA78 /* SideButton.swift */,
				C3AB395D2A6EB02C000EFA78 /* SideButtonLayout.swift */,
				C3917A262A6ED226006CC5E9 /* SideButtonsDimPreview.swift */,
			);
			path = Buttons;
			sourceTree = "<group>";
		};
		C3AB39542A6EAA1F000EFA78 /* Core */ = {
			isa = PBXGroup;
			children = (
				C3AB39552A6EAA29000EFA78 /* AccessLevel.swift */,
				C3AB395B2A6EACA2000EFA78 /* ScreenSide.swift */,
			);
			path = Core;
			sourceTree = "<group>";
		};
		C3BD3EB42AB0657D005B0DE2 /* Gallery */ = {
			isa = PBXGroup;
			children = (
				C3BD3EB52AB0657D005B0DE2 /* AppBundle.swift */,
				C3BD3EB62AB0657D005B0DE2 /* UrlOfImage.swift */,
				C3BD3EB72AB0657D005B0DE2 /* MediaItem.swift */,
				C3BD3EB82AB0657D005B0DE2 /* GalleryGrid.swift */,
				C3BD3EB92AB0657D005B0DE2 /* GalleryItem.swift */,
				C3BD3EBA2AB0657D005B0DE2 /* DummyContentSource.swift */,
				C3BD3EBB2AB0657D005B0DE2 /* Content.swift */,
				C3BD3EBC2AB0657D005B0DE2 /* Gallery.swift */,
			);
			path = Gallery;
			sourceTree = "<group>";
		};
		C3CFE6292AA8B25400ABFFA6 /* ViewBuilder */ = {
			isa = PBXGroup;
			children = (
				C3CFE62A2AA8B25400ABFFA6 /* ViewBuilderExample.swift */,
				C3CFE62B2AA8B25400ABFFA6 /* TupleViewToArray.swift */,
				C3CFE62C2AA8B25400ABFFA6 /* CustomContainer.swift */,
				C3CFE62D2AA8B25400ABFFA6 /* ViewArrayContainer.swift */,
			);
			path = ViewBuilder;
			sourceTree = "<group>";
		};
		C3E60AB92A9CE9FA001728A0 /* Parents */ = {
			isa = PBXGroup;
			children = (
				C3E60ABA2A9CE9FA001728A0 /* AgeCheckAnswerButton.swift */,
				C3E60ABB2A9CE9FA001728A0 /* AgeCheckEquation.swift */,
				C3E60ABC2A9CE9FA001728A0 /* AgeCheckLayer.swift */,
				C3E60ABD2A9CE9FA001728A0 /* AgeSwitchButton.swift */,
				C3E60ABE2A9CE9FA001728A0 /* AgeCheck.swift */,
				C3E60ABF2A9CE9FA001728A0 /* AgeCheckEquationDebug.swift */,
				C3E60AC02A9CE9FA001728A0 /* AgeCheckPreview.swift */,
				C3E60AC12A9CE9FA001728A0 /* AgeCheckOperation.swift */,
				C3E60AC22A9CE9FA001728A0 /* AgeCheckEquationGenerator.swift */,
				C3E60ACC2A9CEAA5001728A0 /* AccessLevelStates.swift */,
			);
			path = Parents;
			sourceTree = "<group>";
		};
		C3E60ACE2A9CEB08001728A0 /* AgeCheck */ = {
			isa = PBXGroup;
			children = (
				C3E60ACF2A9CEB11001728A0 /* AgeCheckBackground.swift */,
			);
			path = AgeCheck;
			sourceTree = "<group>";
		};
/* End PBXGroup section */

/* Begin PBXNativeTarget section */
		C3AB393D2A6EA19B000EFA78 /* MakingWatchTheBirdie */ = {
			isa = PBXNativeTarget;
			buildConfigurationList = C3AB394C2A6EA19C000EFA78 /* Build configuration list for PBXNativeTarget "MakingWatchTheBirdie" */;
			buildPhases = (
				C3AB393A2A6EA19B000EFA78 /* Sources */,
				C3AB393B2A6EA19B000EFA78 /* Frameworks */,
				C3AB393C2A6EA19B000EFA78 /* Resources */,
			);
			buildRules = (
			);
			dependencies = (
			);
			name = MakingWatchTheBirdie;
			productName = MakingWatchTheBirdie;
			productReference = C3AB393E2A6EA19B000EFA78 /* MakingWatchTheBirdie.app */;
			productType = "com.apple.product-type.application";
		};
/* End PBXNativeTarget section */

/* Begin PBXProject section */
		C3AB39362A6EA19B000EFA78 /* Project object */ = {
			isa = PBXProject;
			attributes = {
				BuildIndependentTargetsInParallel = 1;
				LastSwiftUpdateCheck = 1430;
				LastUpgradeCheck = 1430;
				TargetAttributes = {
					C3AB393D2A6EA19B000EFA78 = {
						CreatedOnToolsVersion = 14.3.1;
					};
				};
			};
			buildConfigurationList = C3AB39392A6EA19B000EFA78 /* Build configuration list for PBXProject "MakingWatchTheBirdie" */;
			compatibilityVersion = "Xcode 14.0";
			developmentRegion = en;
			hasScannedForEncodings = 0;
			knownRegions = (
				en,
				Base,
			);
			mainGroup = C3AB39352A6EA19B000EFA78;
			productRefGroup = C3AB393F2A6EA19B000EFA78 /* Products */;
			projectDirPath = "";
			projectRoot = "";
			targets = (
				C3AB393D2A6EA19B000EFA78 /* MakingWatchTheBirdie */,
			);
		};
/* End PBXProject section */

/* Begin PBXResourcesBuildPhase section */
		C3AB393C2A6EA19B000EFA78 /* Resources */ = {
			isa = PBXResourcesBuildPhase;
			buildActionMask = 2147483647;
			files = (
				C3AB39492A6EA19C000EFA78 /* Preview Assets.xcassets in Resources */,
				C3AB39462A6EA19C000EFA78 /* Assets.xcassets in Resources */,
			);
			runOnlyForDeploymentPostprocessing = 0;
		};
/* End PBXResourcesBuildPhase section */

/* Begin PBXSourcesBuildPhase section */
		C3AB393A2A6EA19B000EFA78 /* Sources */ = {
			isa = PBXSourcesBuildPhase;
			buildActionMask = 2147483647;
			files = (
				C3AB395E2A6EB02C000EFA78 /* SideButtonLayout.swift in Sources */,
				C3917A2D2A704963006CC5E9 /* MasksIcon.swift in Sources */,
				C3CFE62F2AA8B25400ABFFA6 /* TupleViewToArray.swift in Sources */,
				C3BD3EC32AB0657D005B0DE2 /* Content.swift in Sources */,
				C3BD3EBD2AB0657D005B0DE2 /* AppBundle.swift in Sources */,
				C3290A3D2ABB3D1E00A41FE0 /* MapDemo.swift in Sources */,
				C3290A2D2ABB3D1E00A41FE0 /* CombineEquations.swift in Sources */,
				C3E60AD02A9CEB11001728A0 /* AgeCheckBackground.swift in Sources */,
				C3290A402ABB3D1E00A41FE0 /* OperationDemo.swift in Sources */,
				C3E60AC82A9CE9FA001728A0 /* AgeCheckEquationDebug.swift in Sources */,
				C3290A372ABB3D1E00A41FE0 /* Mapping.swift in Sources */,
				C3BD3EBE2AB0657D005B0DE2 /* UrlOfImage.swift in Sources */,
				C3BD3EC12AB0657D005B0DE2 /* GalleryItem.swift in Sources */,
				C38AF0E22A73B559009C0020 /* ToolbarsBackgroundGradient.swift in Sources */,
				C3917A3B2A73B24B006CC5E9 /* TopToolbarBorderGradientKids.swift in Sources */,
				C3E60AC92A9CE9FA001728A0 /* AgeCheckPreview.swift in Sources */,
				C3E60AC32A9CE9FA001728A0 /* AgeCheckAnswerButton.swift in Sources */,
				C37EA3762A83E45200B32064 /* PreviewLightDark.swift in Sources */,
				C3AB39442A6EA19B000EFA78 /* ContentView.swift in Sources */,
				C37EA3722A83C87000B32064 /* ViewForPreview.swift in Sources */,
				C3BD3EC42AB0657D005B0DE2 /* Gallery.swift in Sources */,
				C3290A392ABB3D1E00A41FE0 /* Select.swift in Sources */,
				C38AF0E02A73B54A009C0020 /* ToolbarsBackgroundGradientParent.swift in Sources */,
				C3290A412ABB3D1E00A41FE0 /* Operation.swift in Sources */,
				C3C818A72A83F67700B90F4F /* LiveCoding.swift in Sources */,
				C3290A362ABB3D1E00A41FE0 /* Sequence.swift in Sources */,
				C3290A342ABB3D1E00A41FE0 /* SwiftCombineDemo.swift in Sources */,
				C3BD3EC22AB0657D005B0DE2 /* DummyContentSource.swift in Sources */,
				C3917A2F2A704974006CC5E9 /* SFSymbols.swift in Sources */,
				C3917A3F2A73B2B1006CC5E9 /* ToolbarBorderGradient.swift in Sources */,
				C38AF0E82A73F434009C0020 /* ToolbarButtons.swift in Sources */,
				C3CFE62E2AA8B25400ABFFA6 /* ViewBuilderExample.swift in Sources */,
				C3CFE6302AA8B25400ABFFA6 /* CustomContainer.swift in Sources */,
				C3290A2F2ABB3D1E00A41FE0 /* CombineDemo.swift in Sources */,
				C3290A3B2ABB3D1E00A41FE0 /* Subscribing.swift in Sources */,
				C3AB39532A6EAA15000EFA78 /* ToolbarButton.swift in Sources */,
				C3290A3C2ABB3D1E00A41FE0 /* ItemPreview.swift in Sources */,
				C3290A382ABB3D1E00A41FE0 /* Filtering.swift in Sources */,
				C3917A412A73B329006CC5E9 /* TopToolbarBorderGradientParens.swift in Sources */,
				C3C818AB2A83F9C700B90F4F /* State.swift in Sources */,
				C3E60AC72A9CE9FA001728A0 /* AgeCheck.swift in Sources */,
				C3E60AC42A9CE9FA001728A0 /* AgeCheckEquation.swift in Sources */,
				C3BD3EC02AB0657D005B0DE2 /* GalleryGrid.swift in Sources */,
				C3917A342A717EDA006CC5E9 /* Toolbars.swift in Sources */,
				C3C818A92A83F68300B90F4F /* SimpleCard.swift in Sources */,
				C3290A312ABB3D1E00A41FE0 /* Coding.swift in Sources */,
				C38AF0E42A73C5E3009C0020 /* ToolbarPattern.swift in Sources */,
				C3290A3F2ABB3D1E00A41FE0 /* PublisherPreview.swift in Sources */,
				C3E60ACD2A9CEAA5001728A0 /* AccessLevelStates.swift in Sources */,
				C3290A3A2ABB3D1E00A41FE0 /* Reducing.swift in Sources */,
				C3E60ACA2A9CE9FA001728A0 /* AgeCheckOperation.swift in Sources */,
				C3290A2E2ABB3D1E00A41FE0 /* DemoError.swift in Sources */,
				C3917A3D2A73B2A5006CC5E9 /* BottomToolbarBorderGradientKids.swift in Sources */,
				C3290A302ABB3D1E00A41FE0 /* Math.swift in Sources */,
				C3BD3EBF2AB0657D005B0DE2 /* MediaItem.swift in Sources */,
				C3AB39582A6EAC72000EFA78 /* SideButton.swift in Sources */,
				C3290A2C2ABB3D1E00A41FE0 /* OperationInfo.swift in Sources */,
				C3E60ACB2A9CE9FA001728A0 /* AgeCheckEquationGenerator.swift in Sources */,
				C3CFE6312AA8B25400ABFFA6 /* ViewArrayContainer.swift in Sources */,
				C3290A332ABB3D1E00A41FE0 /* Collecting.swift in Sources */,
				C3AB395C2A6EACA2000EFA78 /* ScreenSide.swift in Sources */,
				C3290A3E2ABB3D1E00A41FE0 /* OperationInfoCollection.swift in Sources */,
				C3290A352ABB3D1E00A41FE0 /* Matching.swift in Sources */,
				C3AB39512A6EA5F1000EFA78 /* CaptureButton.swift in Sources */,
				C38AF0E62A73EE06009C0020 /* ToolbarElements.swift in Sources */,
				C3917A392A718417006CC5E9 /* ToolbarsBackgroundGradientKids.swift in Sources */,
				C38AF0EA2A7439B4009C0020 /* ToolbarLayout.swift in Sources */,
				C3917A272A6ED226006CC5E9 /* SideButtonsDimPreview.swift in Sources */,
				C3E60AC62A9CE9FA001728A0 /* AgeSwitchButton.swift in Sources */,
				C3AB39562A6EAA29000EFA78 /* AccessLevel.swift in Sources */,
				C37EA3782A83E51E00B32064 /* PreviewDevice.swift in Sources */,
				C3E60AC52A9CE9FA001728A0 /* AgeCheckLayer.swift in Sources */,
				C3917A432A73B334006CC5E9 /* BottomToolbarBorderGradientParents.swift in Sources */,
				C3290A322ABB3D1E00A41FE0 /* Timing.swift in Sources */,
				C3AB39422A6EA19B000EFA78 /* MakingWatchTheBirdieApp.swift in Sources */,
				C37EA3742A83E41500B32064 /* PreviewOrientation.swift in Sources */,
				C3917A362A717F4E006CC5E9 /* ToolbarPatternStyle.swift in Sources */,
				C3917A312A704D8A006CC5E9 /* GradientExample.swift in Sources */,
			);
			runOnlyForDeploymentPostprocessing = 0;
		};
/* End PBXSourcesBuildPhase section */

/* Begin XCBuildConfiguration section */
		C3AB394A2A6EA19C000EFA78 /* Debug */ = {
			isa = XCBuildConfiguration;
			buildSettings = {
				ALWAYS_SEARCH_USER_PATHS = NO;
				CLANG_ANALYZER_NONNULL = YES;
				CLANG_ANALYZER_NUMBER_OBJECT_CONVERSION = YES_AGGRESSIVE;
				CLANG_CXX_LANGUAGE_STANDARD = "gnu++20";
				CLANG_ENABLE_MODULES = YES;
				CLANG_ENABLE_OBJC_ARC = YES;
				CLANG_ENABLE_OBJC_WEAK = YES;
				CLANG_WARN_BLOCK_CAPTURE_AUTORELEASING = YES;
				CLANG_WARN_BOOL_CONVERSION = YES;
				CLANG_WARN_COMMA = YES;
				CLANG_WARN_CONSTANT_CONVERSION = YES;
				CLANG_WARN_DEPRECATED_OBJC_IMPLEMENTATIONS = YES;
				CLANG_WARN_DIRECT_OBJC_ISA_USAGE = YES_ERROR;
				CLANG_WARN_DOCUMENTATION_COMMENTS = YES;
				CLANG_WARN_EMPTY_BODY = YES;
				CLANG_WARN_ENUM_CONVERSION = YES;
				CLANG_WARN_INFINITE_RECURSION = YES;
				CLANG_WARN_INT_CONVERSION = YES;
				CLANG_WARN_NON_LITERAL_NULL_CONVERSION = YES;
				CLANG_WARN_OBJC_IMPLICIT_RETAIN_SELF = YES;
				CLANG_WARN_OBJC_LITERAL_CONVERSION = YES;
				CLANG_WARN_OBJC_ROOT_CLASS = YES_ERROR;
				CLANG_WARN_QUOTED_INCLUDE_IN_FRAMEWORK_HEADER = YES;
				CLANG_WARN_RANGE_LOOP_ANALYSIS = YES;
				CLANG_WARN_STRICT_PROTOTYPES = YES;
				CLANG_WARN_SUSPICIOUS_MOVE = YES;
				CLANG_WARN_UNGUARDED_AVAILABILITY = YES_AGGRESSIVE;
				CLANG_WARN_UNREACHABLE_CODE = YES;
				CLANG_WARN__DUPLICATE_METHOD_MATCH = YES;
				COPY_PHASE_STRIP = NO;
				DEBUG_INFORMATION_FORMAT = dwarf;
				ENABLE_STRICT_OBJC_MSGSEND = YES;
				ENABLE_TESTABILITY = YES;
				GCC_C_LANGUAGE_STANDARD = gnu11;
				GCC_DYNAMIC_NO_PIC = NO;
				GCC_NO_COMMON_BLOCKS = YES;
				GCC_OPTIMIZATION_LEVEL = 0;
				GCC_PREPROCESSOR_DEFINITIONS = (
					"DEBUG=1",
					"$(inherited)",
				);
				GCC_WARN_64_TO_32_BIT_CONVERSION = YES;
				GCC_WARN_ABOUT_RETURN_TYPE = YES_ERROR;
				GCC_WARN_UNDECLARED_SELECTOR = YES;
				GCC_WARN_UNINITIALIZED_AUTOS = YES_AGGRESSIVE;
				GCC_WARN_UNUSED_FUNCTION = YES;
				GCC_WARN_UNUSED_VARIABLE = YES;
				IPHONEOS_DEPLOYMENT_TARGET = 16.4;
				MTL_ENABLE_DEBUG_INFO = INCLUDE_SOURCE;
				MTL_FAST_MATH = YES;
				ONLY_ACTIVE_ARCH = YES;
				SDKROOT = iphoneos;
				SWIFT_ACTIVE_COMPILATION_CONDITIONS = DEBUG;
				SWIFT_OPTIMIZATION_LEVEL = "-Onone";
			};
			name = Debug;
		};
		C3AB394B2A6EA19C000EFA78 /* Release */ = {
			isa = XCBuildConfiguration;
			buildSettings = {
				ALWAYS_SEARCH_USER_PATHS = NO;
				CLANG_ANALYZER_NONNULL = YES;
				CLANG_ANALYZER_NUMBER_OBJECT_CONVERSION = YES_AGGRESSIVE;
				CLANG_CXX_LANGUAGE_STANDARD = "gnu++20";
				CLANG_ENABLE_MODULES = YES;
				CLANG_ENABLE_OBJC_ARC = YES;
				CLANG_ENABLE_OBJC_WEAK = YES;
				CLANG_WARN_BLOCK_CAPTURE_AUTORELEASING = YES;
				CLANG_WARN_BOOL_CONVERSION = YES;
				CLANG_WARN_COMMA = YES;
				CLANG_WARN_CONSTANT_CONVERSION = YES;
				CLANG_WARN_DEPRECATED_OBJC_IMPLEMENTATIONS = YES;
				CLANG_WARN_DIRECT_OBJC_ISA_USAGE = YES_ERROR;
				CLANG_WARN_DOCUMENTATION_COMMENTS = YES;
				CLANG_WARN_EMPTY_BODY = YES;
				CLANG_WARN_ENUM_CONVERSION = YES;
				CLANG_WARN_INFINITE_RECURSION = YES;
				CLANG_WARN_INT_CONVERSION = YES;
				CLANG_WARN_NON_LITERAL_NULL_CONVERSION = YES;
				CLANG_WARN_OBJC_IMPLICIT_RETAIN_SELF = YES;
				CLANG_WARN_OBJC_LITERAL_CONVERSION = YES;
				CLANG_WARN_OBJC_ROOT_CLASS = YES_ERROR;
				CLANG_WARN_QUOTED_INCLUDE_IN_FRAMEWORK_HEADER = YES;
				CLANG_WARN_RANGE_LOOP_ANALYSIS = YES;
				CLANG_WARN_STRICT_PROTOTYPES = YES;
				CLANG_WARN_SUSPICIOUS_MOVE = YES;
				CLANG_WARN_UNGUARDED_AVAILABILITY = YES_AGGRESSIVE;
				CLANG_WARN_UNREACHABLE_CODE = YES;
				CLANG_WARN__DUPLICATE_METHOD_MATCH = YES;
				COPY_PHASE_STRIP = NO;
				DEBUG_INFORMATION_FORMAT = "dwarf-with-dsym";
				ENABLE_NS_ASSERTIONS = NO;
				ENABLE_STRICT_OBJC_MSGSEND = YES;
				GCC_C_LANGUAGE_STANDARD = gnu11;
				GCC_NO_COMMON_BLOCKS = YES;
				GCC_WARN_64_TO_32_BIT_CONVERSION = YES;
				GCC_WARN_ABOUT_RETURN_TYPE = YES_ERROR;
				GCC_WARN_UNDECLARED_SELECTOR = YES;
				GCC_WARN_UNINITIALIZED_AUTOS = YES_AGGRESSIVE;
				GCC_WARN_UNUSED_FUNCTION = YES;
				GCC_WARN_UNUSED_VARIABLE = YES;
				IPHONEOS_DEPLOYMENT_TARGET = 16.4;
				MTL_ENABLE_DEBUG_INFO = NO;
				MTL_FAST_MATH = YES;
				SDKROOT = iphoneos;
				SWIFT_COMPILATION_MODE = wholemodule;
				SWIFT_OPTIMIZATION_LEVEL = "-O";
				VALIDATE_PRODUCT = YES;
			};
			name = Release;
		};
		C3AB394D2A6EA19C000EFA78 /* Debug */ = {
			isa = XCBuildConfiguration;
			buildSettings = {
				ASSETCATALOG_COMPILER_APPICON_NAME = AppIcon;
				ASSETCATALOG_COMPILER_GLOBAL_ACCENT_COLOR_NAME = AccentColor;
				CODE_SIGN_STYLE = Automatic;
				CURRENT_PROJECT_VERSION = 1;
				DEVELOPMENT_ASSET_PATHS = "\"MakingWatchTheBirdie/Preview Content\"";
				DEVELOPMENT_TEAM = C238F538MB;
				ENABLE_PREVIEWS = YES;
				GENERATE_INFOPLIST_FILE = YES;
				INFOPLIST_KEY_UIApplicationSceneManifest_Generation = YES;
				INFOPLIST_KEY_UIApplicationSupportsIndirectInputEvents = YES;
				INFOPLIST_KEY_UILaunchScreen_Generation = YES;
				INFOPLIST_KEY_UISupportedInterfaceOrientations_iPad = "UIInterfaceOrientationPortrait UIInterfaceOrientationPortraitUpsideDown UIInterfaceOrientationLandscapeLeft UIInterfaceOrientationLandscapeRight";
				INFOPLIST_KEY_UISupportedInterfaceOrientations_iPhone = "UIInterfaceOrientationPortrait UIInterfaceOrientationLandscapeLeft UIInterfaceOrientationLandscapeRight";
				IPHONEOS_DEPLOYMENT_TARGET = 17.0;
				LD_RUNPATH_SEARCH_PATHS = (
					"$(inherited)",
					"@executable_path/Frameworks",
				);
				MARKETING_VERSION = 1.0;
				PRODUCT_BUNDLE_IDENTIFIER = ru.andreyzarembo.MakingWatchTheBirdie;
				PRODUCT_NAME = "$(TARGET_NAME)";
				SWIFT_EMIT_LOC_STRINGS = YES;
				SWIFT_VERSION = 5.0;
				TARGETED_DEVICE_FAMILY = "1,2";
			};
			name = Debug;
		};
		C3AB394E2A6EA19C000EFA78 /* Release */ = {
			isa = XCBuildConfiguration;
			buildSettings = {
				ASSETCATALOG_COMPILER_APPICON_NAME = AppIcon;
				ASSETCATALOG_COMPILER_GLOBAL_ACCENT_COLOR_NAME = AccentColor;
				CODE_SIGN_STYLE = Automatic;
				CURRENT_PROJECT_VERSION = 1;
				DEVELOPMENT_ASSET_PATHS = "\"MakingWatchTheBirdie/Preview Content\"";
				DEVELOPMENT_TEAM = C238F538MB;
				ENABLE_PREVIEWS = YES;
				GENERATE_INFOPLIST_FILE = YES;
				INFOPLIST_KEY_UIApplicationSceneManifest_Generation = YES;
				INFOPLIST_KEY_UIApplicationSupportsIndirectInputEvents = YES;
				INFOPLIST_KEY_UILaunchScreen_Generation = YES;
				INFOPLIST_KEY_UISupportedInterfaceOrientations_iPad = "UIInterfaceOrientationPortrait UIInterfaceOrientationPortraitUpsideDown UIInterfaceOrientationLandscapeLeft UIInterfaceOrientationLandscapeRight";
				INFOPLIST_KEY_UISupportedInterfaceOrientations_iPhone = "UIInterfaceOrientationPortrait UIInterfaceOrientationLandscapeLeft UIInterfaceOrientationLandscapeRight";
				IPHONEOS_DEPLOYMENT_TARGET = 17.0;
				LD_RUNPATH_SEARCH_PATHS = (
					"$(inherited)",
					"@executable_path/Frameworks",
				);
				MARKETING_VERSION = 1.0;
				PRODUCT_BUNDLE_IDENTIFIER = ru.andreyzarembo.MakingWatchTheBirdie;
				PRODUCT_NAME = "$(TARGET_NAME)";
				SWIFT_EMIT_LOC_STRINGS = YES;
				SWIFT_VERSION = 5.0;
				TARGETED_DEVICE_FAMILY = "1,2";
			};
			name = Release;
		};
/* End XCBuildConfiguration section */

/* Begin XCConfigurationList section */
		C3AB39392A6EA19B000EFA78 /* Build configuration list for PBXProject "MakingWatchTheBirdie" */ = {
			isa = XCConfigurationList;
			buildConfigurations = (
				C3AB394A2A6EA19C000EFA78 /* Debug */,
				C3AB394B2A6EA19C000EFA78 /* Release */,
			);
			defaultConfigurationIsVisible = 0;
			defaultConfigurationName = Release;
		};
		C3AB394C2A6EA19C000EFA78 /* Build configuration list for PBXNativeTarget "MakingWatchTheBirdie" */ = {
			isa = XCConfigurationList;
			buildConfigurations = (
				C3AB394D2A6EA19C000EFA78 /* Debug */,
				C3AB394E2A6EA19C000EFA78 /* Release */,
			);
			defaultConfigurationIsVisible = 0;
			defaultConfigurationName = Release;
		};
/* End XCConfigurationList section */
	};
	rootObject = C3AB39362A6EA19B000EFA78 /* Project object */;
}
